
Microsoft Visual Studio Solution File, Format Version 12.00
# Visual Studio Version 16
VisualStudioVersion = 16.0.32002.261
MinimumVisualStudioVersion = 10.0.40219.1
Project("{8BC9CEB8-8B4A-11D0-8D11-00A0C91BC942}") = "dbsMs1", "dbsMs1\dbsMs1.vcxproj", "{DEF3C113-CB45-4CD1-B65C-F1E87A33AE46}"
EndProject
Global
	GlobalSection(SolutionConfigurationPlatforms) = preSolution
		Debug|x64 = Debug|x64
		Debug|x86 = Debug|x86
		Release|x64 = Release|x64
		Release|x86 = Release|x86
	EndGlobalSection
	GlobalSection(ProjectConfigurationPlatforms) = postSolution
		{DEF3C113-CB45-4CD1-B65C-F1E87A33AE46}.Debug|x64.ActiveCfg = Debug|x64
		{DEF3C113-CB45-4CD1-B65C-F1E87A33AE46}.Debug|x64.Build.0 = Debug|x64
		{DEF3C113-CB45-4CD1-B65C-F1E87A33AE46}.Debug|x86.ActiveCfg = Debug|Win32
		{DEF3C113-CB45-4CD1-B65C-F1E87A33AE46}.Debug|x86.Build.0 = Debug|Win32
		{DEF3C113-CB45-4CD1-B65C-F1E87A33AE46}.Release|x64.ActiveCfg = Release|x64
		{DEF3C113-CB45-4CD1-B65C-F1E87A33AE46}.Release|x64.Build.0 = Release|x64
		{DEF3C113-CB45-4CD1-B65C-F1E87A33AE46}.Release|x86.ActiveCfg = Release|Win32
		{DEF3C113-CB45-4CD1-B65C-F1E87A33AE46}.Release|x86.Build.0 = Release|Win32
	EndGlobalSection
	GlobalSection(SolutionProperties) = preSolution
		HideSolutionNode = FALSE
	EndGlobalSection
	GlobalSection(ExtensibilityGlobals) = postSolution
		SolutionGuid = {E0FA7C81-148F-4B7E-BB93-04798553D793}
	EndGlobalSection
EndGlobal
